
Microsoft Visual Studio Solution File, Format Version 12.00
# Visual Studio Version 16
VisualStudioVersion = 16.0.29926.136
MinimumVisualStudioVersion = 10.0.40219.1
Project("{FAE04EC0-301F-11D3-BF4B-00C04F79EFBC}") = "OrderWeb", "OrderWeb\OrderWeb.csproj", "{0C670881-2638-4BE0-9BE5-EC88050DB86C}"
EndProject
Project("{FAE04EC0-301F-11D3-BF4B-00C04F79EFBC}") = "Order.DAL", "Order.DAL\Order.DAL.csproj", "{E4FB14F0-3013-401E-B962-9B19DCD3EE2F}"
EndProject
Project("{FAE04EC0-301F-11D3-BF4B-00C04F79EFBC}") = "Order.BLL", "Order.BLL\Order.BLL.csproj", "{F974D586-3D72-4CE3-9DB7-D96A75EEA30B}"
EndProject
Project("{FAE04EC0-301F-11D3-BF4B-00C04F79EFBC}") = "Order.Common", "Order.Common\Order.Common.csproj", "{59DB4B8B-E886-4EA4-B57A-0D610DAB0FEF}"
EndProject
Global
	GlobalSection(SolutionConfigurationPlatforms) = preSolution
		Debug|Any CPU = Debug|Any CPU
		Release|Any CPU = Release|Any CPU
	EndGlobalSection
	GlobalSection(ProjectConfigurationPlatforms) = postSolution
		{0C670881-2638-4BE0-9BE5-EC88050DB86C}.Debug|Any CPU.ActiveCfg = Debug|Any CPU
		{0C670881-2638-4BE0-9BE5-EC88050DB86C}.Debug|Any CPU.Build.0 = Debug|Any CPU
		{0C670881-2638-4BE0-9BE5-EC88050DB86C}.Release|Any CPU.ActiveCfg = Release|Any CPU
		{0C670881-2638-4BE0-9BE5-EC88050DB86C}.Release|Any CPU.Build.0 = Release|Any CPU
		{E4FB14F0-3013-401E-B962-9B19DCD3EE2F}.Debug|Any CPU.ActiveCfg = Debug|Any CPU
		{E4FB14F0-3013-401E-B962-9B19DCD3EE2F}.Debug|Any CPU.Build.0 = Debug|Any CPU
		{E4FB14F0-3013-401E-B962-9B19DCD3EE2F}.Release|Any CPU.ActiveCfg = Release|Any CPU
		{E4FB14F0-3013-401E-B962-9B19DCD3EE2F}.Release|Any CPU.Build.0 = Release|Any CPU
		{F974D586-3D72-4CE3-9DB7-D96A75EEA30B}.Debug|Any CPU.ActiveCfg = Debug|Any CPU
		{F974D586-3D72-4CE3-9DB7-D96A75EEA30B}.Debug|Any CPU.Build.0 = Debug|Any CPU
		{F974D586-3D72-4CE3-9DB7-D96A75EEA30B}.Release|Any CPU.ActiveCfg = Release|Any CPU
		{F974D586-3D72-4CE3-9DB7-D96A75EEA30B}.Release|Any CPU.Build.0 = Release|Any CPU
		{59DB4B8B-E886-4EA4-B57A-0D610DAB0FEF}.Debug|Any CPU.ActiveCfg = Debug|Any CPU
		{59DB4B8B-E886-4EA4-B57A-0D610DAB0FEF}.Debug|Any CPU.Build.0 = Debug|Any CPU
		{59DB4B8B-E886-4EA4-B57A-0D610DAB0FEF}.Release|Any CPU.ActiveCfg = Release|Any CPU
		{59DB4B8B-E886-4EA4-B57A-0D610DAB0FEF}.Release|Any CPU.Build.0 = Release|Any CPU
	EndGlobalSection
	GlobalSection(SolutionProperties) = preSolution
		HideSolutionNode = FALSE
	EndGlobalSection
	GlobalSection(ExtensibilityGlobals) = postSolution
		SolutionGuid = {39A104C3-BE1F-4D2B-BE71-81FA0288C454}
	EndGlobalSection
EndGlobal
