
Microsoft Visual Studio Solution File, Format Version 12.00
# Visual Studio Version 16
VisualStudioVersion = 16.0.29926.136
MinimumVisualStudioVersion = 10.0.40219.1
Project("{FAE04EC0-301F-11D3-BF4B-00C04F79EFBC}") = "OrderWeb", "OrderWeb\OrderWeb.csproj", "{93623EF8-2FB0-4474-BCC9-399F015E24A2}"
EndProject
Project("{9A19103F-16F7-4668-BE54-9A1E7A4F7556}") = "Order.Common", "Order.Common\Order.Common.csproj", "{5D3E5A56-2984-4407-A480-049F6235E167}"
EndProject
Project("{9A19103F-16F7-4668-BE54-9A1E7A4F7556}") = "Order.DAL", "Order.DAL\Order.DAL.csproj", "{3D3016FC-819B-482C-B2C2-7B6074E22FD6}"
EndProject
Project("{9A19103F-16F7-4668-BE54-9A1E7A4F7556}") = "Order.BLL", "Order.BLL\Order.BLL.csproj", "{08FF1C24-55B9-4416-9ACB-0E1BBFE11590}"
EndProject
Global
	GlobalSection(SolutionConfigurationPlatforms) = preSolution
		Debug|Any CPU = Debug|Any CPU
		Release|Any CPU = Release|Any CPU
	EndGlobalSection
	GlobalSection(ProjectConfigurationPlatforms) = postSolution
		{93623EF8-2FB0-4474-BCC9-399F015E24A2}.Debug|Any CPU.ActiveCfg = Debug|Any CPU
		{93623EF8-2FB0-4474-BCC9-399F015E24A2}.Debug|Any CPU.Build.0 = Debug|Any CPU
		{93623EF8-2FB0-4474-BCC9-399F015E24A2}.Release|Any CPU.ActiveCfg = Release|Any CPU
		{93623EF8-2FB0-4474-BCC9-399F015E24A2}.Release|Any CPU.Build.0 = Release|Any CPU
		{5D3E5A56-2984-4407-A480-049F6235E167}.Debug|Any CPU.ActiveCfg = Debug|Any CPU
		{5D3E5A56-2984-4407-A480-049F6235E167}.Debug|Any CPU.Build.0 = Debug|Any CPU
		{5D3E5A56-2984-4407-A480-049F6235E167}.Release|Any CPU.ActiveCfg = Release|Any CPU
		{5D3E5A56-2984-4407-A480-049F6235E167}.Release|Any CPU.Build.0 = Release|Any CPU
		{3D3016FC-819B-482C-B2C2-7B6074E22FD6}.Debug|Any CPU.ActiveCfg = Debug|Any CPU
		{3D3016FC-819B-482C-B2C2-7B6074E22FD6}.Debug|Any CPU.Build.0 = Debug|Any CPU
		{3D3016FC-819B-482C-B2C2-7B6074E22FD6}.Release|Any CPU.ActiveCfg = Release|Any CPU
		{3D3016FC-819B-482C-B2C2-7B6074E22FD6}.Release|Any CPU.Build.0 = Release|Any CPU
		{08FF1C24-55B9-4416-9ACB-0E1BBFE11590}.Debug|Any CPU.ActiveCfg = Debug|Any CPU
		{08FF1C24-55B9-4416-9ACB-0E1BBFE11590}.Debug|Any CPU.Build.0 = Debug|Any CPU
		{08FF1C24-55B9-4416-9ACB-0E1BBFE11590}.Release|Any CPU.ActiveCfg = Release|Any CPU
		{08FF1C24-55B9-4416-9ACB-0E1BBFE11590}.Release|Any CPU.Build.0 = Release|Any CPU
	EndGlobalSection
	GlobalSection(SolutionProperties) = preSolution
		HideSolutionNode = FALSE
	EndGlobalSection
	GlobalSection(ExtensibilityGlobals) = postSolution
		SolutionGuid = {35AE693F-4C22-4E74-AC07-AA5FFB3D2FC1}
	EndGlobalSection
EndGlobal
